// !$*UTF8*$!
{
	archiveVersion = 1;
	classes = {
	};
	objectVersion = 56;
	objects = {

/* Begin PBXBuildFile section */
		2D0D5FC92C40542B0041043F /* MockTodoItems.swift in Sources */ = {isa = PBXBuildFile; fileRef = 2D0D5FC82C40542B0041043F /* MockTodoItems.swift */; };
		2D0D5FCB2C4073380041043F /* DataForParsing.swift in Sources */ = {isa = PBXBuildFile; fileRef = 2D0D5FCA2C4073380041043F /* DataForParsing.swift */; };
		2D1ED7E72C3D351C002C7ED0 /* DetailsViewModel.swift in Sources */ = {isa = PBXBuildFile; fileRef = 2D1ED7E62C3D351C002C7ED0 /* DetailsViewModel.swift */; };
		2D1ED7E92C3D358F002C7ED0 /* ImportanceView.swift in Sources */ = {isa = PBXBuildFile; fileRef = 2D1ED7E82C3D358F002C7ED0 /* ImportanceView.swift */; };
		2D1ED7EE2C3D4873002C7ED0 /* DeadlineView.swift in Sources */ = {isa = PBXBuildFile; fileRef = 2D1ED7ED2C3D4873002C7ED0 /* DeadlineView.swift */; };
		2D1ED7F02C3D496B002C7ED0 /* ColorPickerView.swift in Sources */ = {isa = PBXBuildFile; fileRef = 2D1ED7EF2C3D496B002C7ED0 /* ColorPickerView.swift */; };
		2D1ED7F22C3D4E26002C7ED0 /* TextFieldView.swift in Sources */ = {isa = PBXBuildFile; fileRef = 2D1ED7F12C3D4E26002C7ED0 /* TextFieldView.swift */; };
		2D1ED7F62C3D5087002C7ED0 /* CategoryView.swift in Sources */ = {isa = PBXBuildFile; fileRef = 2D1ED7F52C3D5087002C7ED0 /* CategoryView.swift */; };
		2D1ED8012C3D7700002C7ED0 /* CaseIterable+Extension.swift in Sources */ = {isa = PBXBuildFile; fileRef = 2D1ED8002C3D7700002C7ED0 /* CaseIterable+Extension.swift */; };
		2D2786062C1DC9C000F34999 /* FileCache.swift in Sources */ = {isa = PBXBuildFile; fileRef = 2D2786052C1DC9C000F34999 /* FileCache.swift */; };
		2D27860D2C1E03A000F34999 /* ToDoListJSONTests.swift in Sources */ = {isa = PBXBuildFile; fileRef = 2D27860C2C1E03A000F34999 /* ToDoListJSONTests.swift */; };
		2D27861A2C1E3D8C00F34999 /* ToDoListUITests.swift in Sources */ = {isa = PBXBuildFile; fileRef = 2D2786192C1E3D8C00F34999 /* ToDoListUITests.swift */; };
		2D27861C2C1E3D8C00F34999 /* ToDoListUITestsLaunchTests.swift in Sources */ = {isa = PBXBuildFile; fileRef = 2D27861B2C1E3D8C00F34999 /* ToDoListUITestsLaunchTests.swift */; };
		2D2A9F502C2B7987002B49EF /* TextFieldFrameModifier.swift in Sources */ = {isa = PBXBuildFile; fileRef = 2D2A9F4F2C2B7987002B49EF /* TextFieldFrameModifier.swift */; };
		2D2A9F552C2C0EFF002B49EF /* Date+Extension.swift in Sources */ = {isa = PBXBuildFile; fileRef = 2D2A9F542C2C0EFF002B49EF /* Date+Extension.swift */; };
		2D2DD42C2C2B27C9007A0F5A /* Color+Extension.swift in Sources */ = {isa = PBXBuildFile; fileRef = 2D2DD42B2C2B27C9007A0F5A /* Color+Extension.swift */; };
		2D2DD4302C2B29D7007A0F5A /* ColorModifier.swift in Sources */ = {isa = PBXBuildFile; fileRef = 2D2DD42F2C2B29D7007A0F5A /* ColorModifier.swift */; };
		2D2DD4322C2B68D6007A0F5A /* UIApplication+Extension.swift in Sources */ = {isa = PBXBuildFile; fileRef = 2D2DD4312C2B68D6007A0F5A /* UIApplication+Extension.swift */; };
		2D3028062C3480140087F940 /* Category.swift in Sources */ = {isa = PBXBuildFile; fileRef = 2D3028052C3480130087F940 /* Category.swift */; };
		2D3028082C3536C90087F940 /* CalendarView.swift in Sources */ = {isa = PBXBuildFile; fileRef = 2D3028072C3536C90087F940 /* CalendarView.swift */; };
		2D30280A2C356AF00087F940 /* CalendarCollectionViewCell.swift in Sources */ = {isa = PBXBuildFile; fileRef = 2D3028092C356AF00087F940 /* CalendarCollectionViewCell.swift */; };
		2D30280C2C356B150087F940 /* CalendarTableViewCell.swift in Sources */ = {isa = PBXBuildFile; fileRef = 2D30280B2C356B150087F940 /* CalendarTableViewCell.swift */; };
		2D30280F2C356B970087F940 /* CalendarViewCoordinator.swift in Sources */ = {isa = PBXBuildFile; fileRef = 2D30280E2C356B970087F940 /* CalendarViewCoordinator.swift */; };
		2D3028112C35990A0087F940 /* UIImage+Extension.swift in Sources */ = {isa = PBXBuildFile; fileRef = 2D3028102C35990A0087F940 /* UIImage+Extension.swift */; };
		2D3028132C36CFB90087F940 /* UIView+Extension.swift in Sources */ = {isa = PBXBuildFile; fileRef = 2D3028122C36CFB90087F940 /* UIView+Extension.swift */; };
		2D54CA992C382ED6004D4719 /* KeyboardModifier.swift in Sources */ = {isa = PBXBuildFile; fileRef = 2D54CA982C382ED6004D4719 /* KeyboardModifier.swift */; };
		2D6712982C414BA700E2C99D /* LogFormatter.swift in Sources */ = {isa = PBXBuildFile; fileRef = 2D6712972C414BA700E2C99D /* LogFormatter.swift */; };
		2D67129F2C41753200E2C99D /* UINavigationController+Extension.swift in Sources */ = {isa = PBXBuildFile; fileRef = 2D67129E2C41753200E2C99D /* UINavigationController+Extension.swift */; };
		2D736BDA2C3B0F9E009E361E /* URLSession+Extension.swift in Sources */ = {isa = PBXBuildFile; fileRef = 2D736BD92C3B0F9E009E361E /* URLSession+Extension.swift */; };
		2D736BDC2C3B0FE8009E361E /* ToDoListDataTaskTests.swift in Sources */ = {isa = PBXBuildFile; fileRef = 2D736BDB2C3B0FE8009E361E /* ToDoListDataTaskTests.swift */; };
		2D736BE12C3C33A2009E361E /* CocoaLumberjack in Frameworks */ = {isa = PBXBuildFile; productRef = 2D736BE02C3C33A2009E361E /* CocoaLumberjack */; };
		2D736BE32C3C33A2009E361E /* CocoaLumberjackSwift in Frameworks */ = {isa = PBXBuildFile; productRef = 2D736BE22C3C33A2009E361E /* CocoaLumberjackSwift */; };
		2D736BE52C3C33A2009E361E /* CocoaLumberjackSwiftLogBackend in Frameworks */ = {isa = PBXBuildFile; productRef = 2D736BE42C3C33A2009E361E /* CocoaLumberjackSwiftLogBackend */; };
		2D7939FD2C25808E002542DE /* MainViewModel.swift in Sources */ = {isa = PBXBuildFile; fileRef = 2D7939FC2C25808E002542DE /* MainViewModel.swift */; };
		2D7DAB6C2C4EE6D80031A232 /* FileCache + SwiftData.swift in Sources */ = {isa = PBXBuildFile; fileRef = 2D7DAB6B2C4EE6D80031A232 /* FileCache + SwiftData.swift */; };
		2D7DAB6F2C4EE7CA0031A232 /* StorageLogic + SwiftData.swift in Sources */ = {isa = PBXBuildFile; fileRef = 2D7DAB6E2C4EE7CA0031A232 /* StorageLogic + SwiftData.swift */; };
		2D88B4DB2C1D9B0900049A3B /* ToDoListApp.swift in Sources */ = {isa = PBXBuildFile; fileRef = 2D88B4DA2C1D9B0900049A3B /* ToDoListApp.swift */; };
		2D88B4DD2C1D9B0900049A3B /* MainView.swift in Sources */ = {isa = PBXBuildFile; fileRef = 2D88B4DC2C1D9B0900049A3B /* MainView.swift */; };
		2D88B4DF2C1D9B0B00049A3B /* Assets.xcassets in Resources */ = {isa = PBXBuildFile; fileRef = 2D88B4DE2C1D9B0B00049A3B /* Assets.xcassets */; };
		2D88B4E22C1D9B0B00049A3B /* Preview Assets.xcassets in Resources */ = {isa = PBXBuildFile; fileRef = 2D88B4E12C1D9B0B00049A3B /* Preview Assets.xcassets */; };
		2D88B4EC2C1D9B0B00049A3B /* ToDoListCSVTests.swift in Sources */ = {isa = PBXBuildFile; fileRef = 2D88B4EB2C1D9B0B00049A3B /* ToDoListCSVTests.swift */; };
		2D88B5052C1D9B6D00049A3B /* TodoItem.swift in Sources */ = {isa = PBXBuildFile; fileRef = 2D88B5042C1D9B6D00049A3B /* TodoItem.swift */; };
		2D88B5072C1D9B8700049A3B /* Importance.swift in Sources */ = {isa = PBXBuildFile; fileRef = 2D88B5062C1D9B8700049A3B /* Importance.swift */; };
		2D8E384A2C26D54300C2BC93 /* ModalState.swift in Sources */ = {isa = PBXBuildFile; fileRef = 2D8E38492C26D54300C2BC93 /* ModalState.swift */; };
		2D8E384C2C26D57B00C2BC93 /* TaskView.swift in Sources */ = {isa = PBXBuildFile; fileRef = 2D8E384B2C26D57B00C2BC93 /* TaskView.swift */; };
		2D8E384E2C26D5B200C2BC93 /* DetailsView.swift in Sources */ = {isa = PBXBuildFile; fileRef = 2D8E384D2C26D5B200C2BC93 /* DetailsView.swift */; };
		2D8E38502C26D60200C2BC93 /* SheetModifier.swift in Sources */ = {isa = PBXBuildFile; fileRef = 2D8E384F2C26D60200C2BC93 /* SheetModifier.swift */; };
		2D9057272C42789100CC2442 /* NetworkingService.swift in Sources */ = {isa = PBXBuildFile; fileRef = 2D9057262C42789100CC2442 /* NetworkingService.swift */; };
		2D9057292C4278AD00CC2442 /* DefaultNetworkingService.swift in Sources */ = {isa = PBXBuildFile; fileRef = 2D9057282C4278AD00CC2442 /* DefaultNetworkingService.swift */; };
		2D90572C2C427B5300CC2442 /* KeychainService.swift in Sources */ = {isa = PBXBuildFile; fileRef = 2D90572B2C427B5300CC2442 /* KeychainService.swift */; };
		2D90572E2C428E2200CC2442 /* Constants.swift in Sources */ = {isa = PBXBuildFile; fileRef = 2D90572D2C428E2200CC2442 /* Constants.swift */; };
		2DB7F56B2C31CC23009C65FE /* StorageLogic.swift in Sources */ = {isa = PBXBuildFile; fileRef = 2DB7F56A2C31CC23009C65FE /* StorageLogic.swift */; };
		2DD5B7862C43EC26008D1705 /* CustomColorPicker in Frameworks */ = {isa = PBXBuildFile; productRef = 2DD5B7852C43EC26008D1705 /* CustomColorPicker */; };
		2DD926032C43EE2B00504C40 /* CustomColorPicker in Frameworks */ = {isa = PBXBuildFile; productRef = 2DD926022C43EE2B00504C40 /* CustomColorPicker */; };
		2DD926082C47AFAC00504C40 /* NetworkingElement.swift in Sources */ = {isa = PBXBuildFile; fileRef = 2DD926072C47AFAC00504C40 /* NetworkingElement.swift */; };
		2DD9260A2C47B15500504C40 /* NetworkingItem.swift in Sources */ = {isa = PBXBuildFile; fileRef = 2DD926092C47B15500504C40 /* NetworkingItem.swift */; };
		2DD9260C2C47B29100504C40 /* NetworkingList.swift in Sources */ = {isa = PBXBuildFile; fileRef = 2DD9260B2C47B29100504C40 /* NetworkingList.swift */; };
		2DE2D8E92C4919EB003C673C /* AlertModifier.swift in Sources */ = {isa = PBXBuildFile; fileRef = 2DE2D8E82C4919EB003C673C /* AlertModifier.swift */; };
		2DE2D8EB2C4926DB003C673C /* NetworkingErrors.swift in Sources */ = {isa = PBXBuildFile; fileRef = 2DE2D8EA2C4926DB003C673C /* NetworkingErrors.swift */; };
		2DE2D8ED2C4927C1003C673C /* AlertData.swift in Sources */ = {isa = PBXBuildFile; fileRef = 2DE2D8EC2C4927C1003C673C /* AlertData.swift */; };
		2DE2D8EF2C494EFB003C673C /* Delay.swift in Sources */ = {isa = PBXBuildFile; fileRef = 2DE2D8EE2C494EFB003C673C /* Delay.swift */; };
		30597BB9BF4B0090C93FC4E3 /* Pods_ToDoList_ios.framework in Frameworks */ = {isa = PBXBuildFile; fileRef = ABDBD073CD320AA2AEDF77E0 /* Pods_ToDoList_ios.framework */; };
		B2D6D75ABAFB3BD62A2A6F22 /* Pods_ToDoList_ios_ToDoList_iosUITests.framework in Frameworks */ = {isa = PBXBuildFile; fileRef = 6C40FAE15DAFE4AEA2338B70 /* Pods_ToDoList_ios_ToDoList_iosUITests.framework */; };
		FAF278C904E72A5AB9ABE7F2 /* Pods_ToDoList_iosTests.framework in Frameworks */ = {isa = PBXBuildFile; fileRef = 75DBBBD7DFB3B06BEB24F380 /* Pods_ToDoList_iosTests.framework */; };
/* End PBXBuildFile section */

/* Begin PBXContainerItemProxy section */
		2D27861D2C1E3D8C00F34999 /* PBXContainerItemProxy */ = {
			isa = PBXContainerItemProxy;
			containerPortal = 2D88B4CF2C1D9B0900049A3B /* Project object */;
			proxyType = 1;
			remoteGlobalIDString = 2D88B4D62C1D9B0900049A3B;
			remoteInfo = "ToDoList-ios";
		};
		2D88B4E82C1D9B0B00049A3B /* PBXContainerItemProxy */ = {
			isa = PBXContainerItemProxy;
			containerPortal = 2D88B4CF2C1D9B0900049A3B /* Project object */;
			proxyType = 1;
			remoteGlobalIDString = 2D88B4D62C1D9B0900049A3B;
			remoteInfo = "ToDoList-ios";
		};
/* End PBXContainerItemProxy section */

/* Begin PBXFileReference section */
		21D42FABFEC8E7C80120F9EE /* Pods-ToDoList-ios-ToDoList-iosUITests.release.xcconfig */ = {isa = PBXFileReference; includeInIndex = 1; lastKnownFileType = text.xcconfig; name = "Pods-ToDoList-ios-ToDoList-iosUITests.release.xcconfig"; path = "Target Support Files/Pods-ToDoList-ios-ToDoList-iosUITests/Pods-ToDoList-ios-ToDoList-iosUITests.release.xcconfig"; sourceTree = "<group>"; };
		2D0D5FC82C40542B0041043F /* MockTodoItems.swift */ = {isa = PBXFileReference; lastKnownFileType = sourcecode.swift; path = MockTodoItems.swift; sourceTree = "<group>"; };
		2D0D5FCA2C4073380041043F /* DataForParsing.swift */ = {isa = PBXFileReference; lastKnownFileType = sourcecode.swift; path = DataForParsing.swift; sourceTree = "<group>"; };
		2D1ED7E62C3D351C002C7ED0 /* DetailsViewModel.swift */ = {isa = PBXFileReference; lastKnownFileType = sourcecode.swift; path = DetailsViewModel.swift; sourceTree = "<group>"; };
		2D1ED7E82C3D358F002C7ED0 /* ImportanceView.swift */ = {isa = PBXFileReference; lastKnownFileType = sourcecode.swift; path = ImportanceView.swift; sourceTree = "<group>"; };
		2D1ED7ED2C3D4873002C7ED0 /* DeadlineView.swift */ = {isa = PBXFileReference; lastKnownFileType = sourcecode.swift; path = DeadlineView.swift; sourceTree = "<group>"; };
		2D1ED7EF2C3D496B002C7ED0 /* ColorPickerView.swift */ = {isa = PBXFileReference; lastKnownFileType = sourcecode.swift; path = ColorPickerView.swift; sourceTree = "<group>"; };
		2D1ED7F12C3D4E26002C7ED0 /* TextFieldView.swift */ = {isa = PBXFileReference; lastKnownFileType = sourcecode.swift; path = TextFieldView.swift; sourceTree = "<group>"; };
		2D1ED7F52C3D5087002C7ED0 /* CategoryView.swift */ = {isa = PBXFileReference; lastKnownFileType = sourcecode.swift; path = CategoryView.swift; sourceTree = "<group>"; };
		2D1ED8002C3D7700002C7ED0 /* CaseIterable+Extension.swift */ = {isa = PBXFileReference; lastKnownFileType = sourcecode.swift; path = "CaseIterable+Extension.swift"; sourceTree = "<group>"; };
		2D2786052C1DC9C000F34999 /* FileCache.swift */ = {isa = PBXFileReference; lastKnownFileType = sourcecode.swift; path = FileCache.swift; sourceTree = "<group>"; };
		2D27860C2C1E03A000F34999 /* ToDoListJSONTests.swift */ = {isa = PBXFileReference; lastKnownFileType = sourcecode.swift; path = ToDoListJSONTests.swift; sourceTree = "<group>"; };
		2D2786172C1E3D8C00F34999 /* ToDoList-iosUITests.xctest */ = {isa = PBXFileReference; explicitFileType = wrapper.cfbundle; includeInIndex = 0; path = "ToDoList-iosUITests.xctest"; sourceTree = BUILT_PRODUCTS_DIR; };
		2D2786192C1E3D8C00F34999 /* ToDoListUITests.swift */ = {isa = PBXFileReference; lastKnownFileType = sourcecode.swift; path = ToDoListUITests.swift; sourceTree = "<group>"; };
		2D27861B2C1E3D8C00F34999 /* ToDoListUITestsLaunchTests.swift */ = {isa = PBXFileReference; lastKnownFileType = sourcecode.swift; path = ToDoListUITestsLaunchTests.swift; sourceTree = "<group>"; };
		2D2A9F4F2C2B7987002B49EF /* TextFieldFrameModifier.swift */ = {isa = PBXFileReference; lastKnownFileType = sourcecode.swift; path = TextFieldFrameModifier.swift; sourceTree = "<group>"; };
		2D2A9F542C2C0EFF002B49EF /* Date+Extension.swift */ = {isa = PBXFileReference; lastKnownFileType = sourcecode.swift; path = "Date+Extension.swift"; sourceTree = "<group>"; };
		2D2DD42B2C2B27C9007A0F5A /* Color+Extension.swift */ = {isa = PBXFileReference; lastKnownFileType = sourcecode.swift; path = "Color+Extension.swift"; sourceTree = "<group>"; };
		2D2DD42F2C2B29D7007A0F5A /* ColorModifier.swift */ = {isa = PBXFileReference; lastKnownFileType = sourcecode.swift; path = ColorModifier.swift; sourceTree = "<group>"; };
		2D2DD4312C2B68D6007A0F5A /* UIApplication+Extension.swift */ = {isa = PBXFileReference; lastKnownFileType = sourcecode.swift; path = "UIApplication+Extension.swift"; sourceTree = "<group>"; };
		2D3028052C3480130087F940 /* Category.swift */ = {isa = PBXFileReference; lastKnownFileType = sourcecode.swift; path = Category.swift; sourceTree = "<group>"; };
		2D3028072C3536C90087F940 /* CalendarView.swift */ = {isa = PBXFileReference; lastKnownFileType = sourcecode.swift; path = CalendarView.swift; sourceTree = "<group>"; };
		2D3028092C356AF00087F940 /* CalendarCollectionViewCell.swift */ = {isa = PBXFileReference; lastKnownFileType = sourcecode.swift; path = CalendarCollectionViewCell.swift; sourceTree = "<group>"; };
		2D30280B2C356B150087F940 /* CalendarTableViewCell.swift */ = {isa = PBXFileReference; lastKnownFileType = sourcecode.swift; path = CalendarTableViewCell.swift; sourceTree = "<group>"; };
		2D30280E2C356B970087F940 /* CalendarViewCoordinator.swift */ = {isa = PBXFileReference; lastKnownFileType = sourcecode.swift; path = CalendarViewCoordinator.swift; sourceTree = "<group>"; };
		2D3028102C35990A0087F940 /* UIImage+Extension.swift */ = {isa = PBXFileReference; lastKnownFileType = sourcecode.swift; path = "UIImage+Extension.swift"; sourceTree = "<group>"; };
		2D3028122C36CFB90087F940 /* UIView+Extension.swift */ = {isa = PBXFileReference; lastKnownFileType = sourcecode.swift; path = "UIView+Extension.swift"; sourceTree = "<group>"; };
		2D54CA982C382ED6004D4719 /* KeyboardModifier.swift */ = {isa = PBXFileReference; lastKnownFileType = sourcecode.swift; path = KeyboardModifier.swift; sourceTree = "<group>"; };
		2D6712972C414BA700E2C99D /* LogFormatter.swift */ = {isa = PBXFileReference; lastKnownFileType = sourcecode.swift; path = LogFormatter.swift; sourceTree = "<group>"; };
		2D67129E2C41753200E2C99D /* UINavigationController+Extension.swift */ = {isa = PBXFileReference; lastKnownFileType = sourcecode.swift; path = "UINavigationController+Extension.swift"; sourceTree = "<group>"; };
		2D736BD92C3B0F9E009E361E /* URLSession+Extension.swift */ = {isa = PBXFileReference; lastKnownFileType = sourcecode.swift; path = "URLSession+Extension.swift"; sourceTree = "<group>"; };
		2D736BDB2C3B0FE8009E361E /* ToDoListDataTaskTests.swift */ = {isa = PBXFileReference; lastKnownFileType = sourcecode.swift; path = ToDoListDataTaskTests.swift; sourceTree = "<group>"; };
		2D7939FC2C25808E002542DE /* MainViewModel.swift */ = {isa = PBXFileReference; lastKnownFileType = sourcecode.swift; path = MainViewModel.swift; sourceTree = "<group>"; };
		2D7DAB6B2C4EE6D80031A232 /* FileCache + SwiftData.swift */ = {isa = PBXFileReference; lastKnownFileType = sourcecode.swift; path = "FileCache + SwiftData.swift"; sourceTree = "<group>"; };
		2D7DAB6E2C4EE7CA0031A232 /* StorageLogic + SwiftData.swift */ = {isa = PBXFileReference; lastKnownFileType = sourcecode.swift; path = "StorageLogic + SwiftData.swift"; sourceTree = "<group>"; };
		2D88B4D72C1D9B0900049A3B /* ToDoList-ios.app */ = {isa = PBXFileReference; explicitFileType = wrapper.application; includeInIndex = 0; path = "ToDoList-ios.app"; sourceTree = BUILT_PRODUCTS_DIR; };
		2D88B4DA2C1D9B0900049A3B /* ToDoListApp.swift */ = {isa = PBXFileReference; lastKnownFileType = sourcecode.swift; path = ToDoListApp.swift; sourceTree = "<group>"; };
		2D88B4DC2C1D9B0900049A3B /* MainView.swift */ = {isa = PBXFileReference; lastKnownFileType = sourcecode.swift; path = MainView.swift; sourceTree = "<group>"; };
		2D88B4DE2C1D9B0B00049A3B /* Assets.xcassets */ = {isa = PBXFileReference; lastKnownFileType = folder.assetcatalog; path = Assets.xcassets; sourceTree = "<group>"; };
		2D88B4E12C1D9B0B00049A3B /* Preview Assets.xcassets */ = {isa = PBXFileReference; lastKnownFileType = folder.assetcatalog; path = "Preview Assets.xcassets"; sourceTree = "<group>"; };
		2D88B4E72C1D9B0B00049A3B /* ToDoList-iosTests.xctest */ = {isa = PBXFileReference; explicitFileType = wrapper.cfbundle; includeInIndex = 0; path = "ToDoList-iosTests.xctest"; sourceTree = BUILT_PRODUCTS_DIR; };
		2D88B4EB2C1D9B0B00049A3B /* ToDoListCSVTests.swift */ = {isa = PBXFileReference; lastKnownFileType = sourcecode.swift; path = ToDoListCSVTests.swift; sourceTree = "<group>"; };
		2D88B5042C1D9B6D00049A3B /* TodoItem.swift */ = {isa = PBXFileReference; lastKnownFileType = sourcecode.swift; path = TodoItem.swift; sourceTree = "<group>"; };
		2D88B5062C1D9B8700049A3B /* Importance.swift */ = {isa = PBXFileReference; lastKnownFileType = sourcecode.swift; path = Importance.swift; sourceTree = "<group>"; };
		2D8E38492C26D54300C2BC93 /* ModalState.swift */ = {isa = PBXFileReference; lastKnownFileType = sourcecode.swift; path = ModalState.swift; sourceTree = "<group>"; };
		2D8E384B2C26D57B00C2BC93 /* TaskView.swift */ = {isa = PBXFileReference; lastKnownFileType = sourcecode.swift; path = TaskView.swift; sourceTree = "<group>"; };
		2D8E384D2C26D5B200C2BC93 /* DetailsView.swift */ = {isa = PBXFileReference; lastKnownFileType = sourcecode.swift; path = DetailsView.swift; sourceTree = "<group>"; };
		2D8E384F2C26D60200C2BC93 /* SheetModifier.swift */ = {isa = PBXFileReference; lastKnownFileType = sourcecode.swift; path = SheetModifier.swift; sourceTree = "<group>"; };
		2D9057262C42789100CC2442 /* NetworkingService.swift */ = {isa = PBXFileReference; lastKnownFileType = sourcecode.swift; path = NetworkingService.swift; sourceTree = "<group>"; };
		2D9057282C4278AD00CC2442 /* DefaultNetworkingService.swift */ = {isa = PBXFileReference; lastKnownFileType = sourcecode.swift; path = DefaultNetworkingService.swift; sourceTree = "<group>"; };
		2D90572B2C427B5300CC2442 /* KeychainService.swift */ = {isa = PBXFileReference; lastKnownFileType = sourcecode.swift; path = KeychainService.swift; sourceTree = "<group>"; };
		2D90572D2C428E2200CC2442 /* Constants.swift */ = {isa = PBXFileReference; lastKnownFileType = sourcecode.swift; path = Constants.swift; sourceTree = "<group>"; };
		2DB7F56A2C31CC23009C65FE /* StorageLogic.swift */ = {isa = PBXFileReference; lastKnownFileType = sourcecode.swift; path = StorageLogic.swift; sourceTree = "<group>"; };
		2DD926072C47AFAC00504C40 /* NetworkingElement.swift */ = {isa = PBXFileReference; lastKnownFileType = sourcecode.swift; path = NetworkingElement.swift; sourceTree = "<group>"; };
		2DD926092C47B15500504C40 /* NetworkingItem.swift */ = {isa = PBXFileReference; lastKnownFileType = sourcecode.swift; path = NetworkingItem.swift; sourceTree = "<group>"; };
		2DD9260B2C47B29100504C40 /* NetworkingList.swift */ = {isa = PBXFileReference; lastKnownFileType = sourcecode.swift; path = NetworkingList.swift; sourceTree = "<group>"; };
		2DD9260D2C47DA5600504C40 /* Info.plist */ = {isa = PBXFileReference; lastKnownFileType = text.plist.xml; path = Info.plist; sourceTree = "<group>"; };
		2DE2D8E82C4919EB003C673C /* AlertModifier.swift */ = {isa = PBXFileReference; lastKnownFileType = sourcecode.swift; path = AlertModifier.swift; sourceTree = "<group>"; };
		2DE2D8EA2C4926DB003C673C /* NetworkingErrors.swift */ = {isa = PBXFileReference; lastKnownFileType = sourcecode.swift; path = NetworkingErrors.swift; sourceTree = "<group>"; };
		2DE2D8EC2C4927C1003C673C /* AlertData.swift */ = {isa = PBXFileReference; lastKnownFileType = sourcecode.swift; path = AlertData.swift; sourceTree = "<group>"; };
		2DE2D8EE2C494EFB003C673C /* Delay.swift */ = {isa = PBXFileReference; lastKnownFileType = sourcecode.swift; path = Delay.swift; sourceTree = "<group>"; };
		2F644B482C9BC226F56A2558 /* Pods-ToDoList-ios.debug.xcconfig */ = {isa = PBXFileReference; includeInIndex = 1; lastKnownFileType = text.xcconfig; name = "Pods-ToDoList-ios.debug.xcconfig"; path = "Target Support Files/Pods-ToDoList-ios/Pods-ToDoList-ios.debug.xcconfig"; sourceTree = "<group>"; };
		6A8BAC05BB1BC0DB42C5FF48 /* Pods-ToDoList-ios-ToDoList-iosUITests.debug.xcconfig */ = {isa = PBXFileReference; includeInIndex = 1; lastKnownFileType = text.xcconfig; name = "Pods-ToDoList-ios-ToDoList-iosUITests.debug.xcconfig"; path = "Target Support Files/Pods-ToDoList-ios-ToDoList-iosUITests/Pods-ToDoList-ios-ToDoList-iosUITests.debug.xcconfig"; sourceTree = "<group>"; };
		6C40FAE15DAFE4AEA2338B70 /* Pods_ToDoList_ios_ToDoList_iosUITests.framework */ = {isa = PBXFileReference; explicitFileType = wrapper.framework; includeInIndex = 0; path = Pods_ToDoList_ios_ToDoList_iosUITests.framework; sourceTree = BUILT_PRODUCTS_DIR; };
		75DBBBD7DFB3B06BEB24F380 /* Pods_ToDoList_iosTests.framework */ = {isa = PBXFileReference; explicitFileType = wrapper.framework; includeInIndex = 0; path = Pods_ToDoList_iosTests.framework; sourceTree = BUILT_PRODUCTS_DIR; };
		9F800826366F6477E9701E94 /* Pods-ToDoList-ios.release.xcconfig */ = {isa = PBXFileReference; includeInIndex = 1; lastKnownFileType = text.xcconfig; name = "Pods-ToDoList-ios.release.xcconfig"; path = "Target Support Files/Pods-ToDoList-ios/Pods-ToDoList-ios.release.xcconfig"; sourceTree = "<group>"; };
		A5A4EFB2BBE90894A054E1C4 /* Pods-ToDoList-iosTests.release.xcconfig */ = {isa = PBXFileReference; includeInIndex = 1; lastKnownFileType = text.xcconfig; name = "Pods-ToDoList-iosTests.release.xcconfig"; path = "Target Support Files/Pods-ToDoList-iosTests/Pods-ToDoList-iosTests.release.xcconfig"; sourceTree = "<group>"; };
		A76E3485B3D40AE01E5E2AEB /* Pods-ToDoList-iosTests.debug.xcconfig */ = {isa = PBXFileReference; includeInIndex = 1; lastKnownFileType = text.xcconfig; name = "Pods-ToDoList-iosTests.debug.xcconfig"; path = "Target Support Files/Pods-ToDoList-iosTests/Pods-ToDoList-iosTests.debug.xcconfig"; sourceTree = "<group>"; };
		ABDBD073CD320AA2AEDF77E0 /* Pods_ToDoList_ios.framework */ = {isa = PBXFileReference; explicitFileType = wrapper.framework; includeInIndex = 0; path = Pods_ToDoList_ios.framework; sourceTree = BUILT_PRODUCTS_DIR; };
/* End PBXFileReference section */

/* Begin PBXFrameworksBuildPhase section */
		2D2786142C1E3D8C00F34999 /* Frameworks */ = {
			isa = PBXFrameworksBuildPhase;
			buildActionMask = 2147483647;
			files = (
				B2D6D75ABAFB3BD62A2A6F22 /* Pods_ToDoList_ios_ToDoList_iosUITests.framework in Frameworks */,
			);
			runOnlyForDeploymentPostprocessing = 0;
		};
		2D88B4D42C1D9B0900049A3B /* Frameworks */ = {
			isa = PBXFrameworksBuildPhase;
			buildActionMask = 2147483647;
			files = (
				2DD5B7862C43EC26008D1705 /* CustomColorPicker in Frameworks */,
				2D736BE12C3C33A2009E361E /* CocoaLumberjack in Frameworks */,
				30597BB9BF4B0090C93FC4E3 /* Pods_ToDoList_ios.framework in Frameworks */,
				2D736BE52C3C33A2009E361E /* CocoaLumberjackSwiftLogBackend in Frameworks */,
				2D736BE32C3C33A2009E361E /* CocoaLumberjackSwift in Frameworks */,
				2DD926032C43EE2B00504C40 /* CustomColorPicker in Frameworks */,
			);
			runOnlyForDeploymentPostprocessing = 0;
		};
		2D88B4E42C1D9B0B00049A3B /* Frameworks */ = {
			isa = PBXFrameworksBuildPhase;
			buildActionMask = 2147483647;
			files = (
				FAF278C904E72A5AB9ABE7F2 /* Pods_ToDoList_iosTests.framework in Frameworks */,
			);
			runOnlyForDeploymentPostprocessing = 0;
		};
/* End PBXFrameworksBuildPhase section */

/* Begin PBXGroup section */
		2D0D5FC72C4054200041043F /* Constants */ = {
			isa = PBXGroup;
			children = (
				2D0D5FC82C40542B0041043F /* MockTodoItems.swift */,
				2D0D5FCA2C4073380041043F /* DataForParsing.swift */,
				2D90572D2C428E2200CC2442 /* Constants.swift */,
			);
			path = Constants;
			sourceTree = "<group>";
		};
		2D1ED7EA2C3D47F9002C7ED0 /* MainScreen */ = {
			isa = PBXGroup;
			children = (
				2D67129A2C4157A500E2C99D /* Components */,
				2D1ED7F92C3D59B7002C7ED0 /* View */,
				2D1ED7FA2C3D59E3002C7ED0 /* ViewModel */,
			);
			path = MainScreen;
			sourceTree = "<group>";
		};
		2D1ED7EB2C3D4808002C7ED0 /* CalendarScreen */ = {
			isa = PBXGroup;
			children = (
				2D67129B2C4157B200E2C99D /* Components */,
				2D78D1912C2F346100B27987 /* View */,
				2D30280D2C356B7D0087F940 /* Coordinator */,
			);
			path = CalendarScreen;
			sourceTree = "<group>";
		};
		2D1ED7EC2C3D4815002C7ED0 /* DetailsScreen */ = {
			isa = PBXGroup;
			children = (
				2D6712992C41579000E2C99D /* Components */,
				2D1ED7FD2C3D5A1D002C7ED0 /* View */,
				2D1ED7FC2C3D5A0C002C7ED0 /* ViewModel */,
			);
			path = DetailsScreen;
			sourceTree = "<group>";
		};
		2D1ED7F92C3D59B7002C7ED0 /* View */ = {
			isa = PBXGroup;
			children = (
				2D88B4DC2C1D9B0900049A3B /* MainView.swift */,
			);
			path = View;
			sourceTree = "<group>";
		};
		2D1ED7FA2C3D59E3002C7ED0 /* ViewModel */ = {
			isa = PBXGroup;
			children = (
				2D7939FC2C25808E002542DE /* MainViewModel.swift */,
			);
			path = ViewModel;
			sourceTree = "<group>";
		};
		2D1ED7FC2C3D5A0C002C7ED0 /* ViewModel */ = {
			isa = PBXGroup;
			children = (
				2D1ED7E62C3D351C002C7ED0 /* DetailsViewModel.swift */,
			);
			path = ViewModel;
			sourceTree = "<group>";
		};
		2D1ED7FD2C3D5A1D002C7ED0 /* View */ = {
			isa = PBXGroup;
			children = (
				2D8E384D2C26D5B200C2BC93 /* DetailsView.swift */,
			);
			path = View;
			sourceTree = "<group>";
		};
		2D1ED7FE2C3D76C9002C7ED0 /* Foundation */ = {
			isa = PBXGroup;
			children = (
				2D2A9F542C2C0EFF002B49EF /* Date+Extension.swift */,
			);
			path = Foundation;
			sourceTree = "<group>";
		};
		2D1ED7FF2C3D76D9002C7ED0 /* URLSession */ = {
			isa = PBXGroup;
			children = (
				2D736BD92C3B0F9E009E361E /* URLSession+Extension.swift */,
			);
			path = URLSession;
			sourceTree = "<group>";
		};
		2D1ED8022C3D7768002C7ED0 /* Common */ = {
			isa = PBXGroup;
			children = (
				2D1ED8002C3D7700002C7ED0 /* CaseIterable+Extension.swift */,
			);
			path = Common;
			sourceTree = "<group>";
		};
		2D2786072C1DDE8500F34999 /* Application */ = {
			isa = PBXGroup;
			children = (
				2DD9260D2C47DA5600504C40 /* Info.plist */,
				2D2786082C1DDEA300F34999 /* Resources */,
				2D88B4DA2C1D9B0900049A3B /* ToDoListApp.swift */,
			);
			path = Application;
			sourceTree = "<group>";
		};
		2D2786082C1DDEA300F34999 /* Resources */ = {
			isa = PBXGroup;
			children = (
				2D88B4DE2C1D9B0B00049A3B /* Assets.xcassets */,
				2D88B4E02C1D9B0B00049A3B /* Preview Content */,
			);
			path = Resources;
			sourceTree = "<group>";
		};
		2D2786092C1DDEDC00F34999 /* Service */ = {
			isa = PBXGroup;
			children = (
				2D90572A2C427B2500CC2442 /* Persistence */,
				2D9057252C42786A00CC2442 /* Networking */,
				2D6712962C414B9A00E2C99D /* Logger */,
				2D0D5FC72C4054200041043F /* Constants */,
				2D2DD42A2C2B27A7007A0F5A /* Extensions */,
				2D7939FB2C258070002542DE /* CommonLogic */,
				2D27860A2C1DDEF100F34999 /* Model */,
			);
			path = Service;
			sourceTree = "<group>";
		};
		2D27860A2C1DDEF100F34999 /* Model */ = {
			isa = PBXGroup;
			children = (
				2D88B5042C1D9B6D00049A3B /* TodoItem.swift */,
				2D88B5062C1D9B8700049A3B /* Importance.swift */,
				2D3028052C3480130087F940 /* Category.swift */,
				2DE2D8EC2C4927C1003C673C /* AlertData.swift */,
			);
			path = Model;
			sourceTree = "<group>";
		};
		2D27860B2C1DDF1B00F34999 /* Presentation */ = {
			isa = PBXGroup;
			children = (
				2D78D1932C2F348900B27987 /* Modifiers */,
				2D1ED7EB2C3D4808002C7ED0 /* CalendarScreen */,
				2D1ED7EC2C3D4815002C7ED0 /* DetailsScreen */,
				2D1ED7EA2C3D47F9002C7ED0 /* MainScreen */,
			);
			path = Presentation;
			sourceTree = "<group>";
		};
		2D27860E2C1E2AFB00F34999 /* FileCache */ = {
			isa = PBXGroup;
			children = (
				2D2786052C1DC9C000F34999 /* FileCache.swift */,
				2D7DAB6B2C4EE6D80031A232 /* FileCache + SwiftData.swift */,
			);
			path = FileCache;
			sourceTree = "<group>";
		};
		2D2786182C1E3D8C00F34999 /* ToDoList-iosUITests */ = {
			isa = PBXGroup;
			children = (
				2D2786192C1E3D8C00F34999 /* ToDoListUITests.swift */,
				2D27861B2C1E3D8C00F34999 /* ToDoListUITestsLaunchTests.swift */,
			);
			path = "ToDoList-iosUITests";
			sourceTree = "<group>";
		};
		2D2DD42A2C2B27A7007A0F5A /* Extensions */ = {
			isa = PBXGroup;
			children = (
				2D1ED8022C3D7768002C7ED0 /* Common */,
				2D1ED7FF2C3D76D9002C7ED0 /* URLSession */,
				2D1ED7FE2C3D76C9002C7ED0 /* Foundation */,
				2D736BDE2C3B1F10009E361E /* SwiftUI */,
				2D736BDD2C3B1EE5009E361E /* UIKit */,
			);
			path = Extensions;
			sourceTree = "<group>";
		};
		2D30280D2C356B7D0087F940 /* Coordinator */ = {
			isa = PBXGroup;
			children = (
				2D30280E2C356B970087F940 /* CalendarViewCoordinator.swift */,
			);
			path = Coordinator;
			sourceTree = "<group>";
		};
		2D6712962C414B9A00E2C99D /* Logger */ = {
			isa = PBXGroup;
			children = (
				2D6712972C414BA700E2C99D /* LogFormatter.swift */,
			);
			path = Logger;
			sourceTree = "<group>";
		};
		2D6712992C41579000E2C99D /* Components */ = {
			isa = PBXGroup;
			children = (
				2D1ED7ED2C3D4873002C7ED0 /* DeadlineView.swift */,
				2D1ED7EF2C3D496B002C7ED0 /* ColorPickerView.swift */,
				2D1ED7F12C3D4E26002C7ED0 /* TextFieldView.swift */,
				2D1ED7F52C3D5087002C7ED0 /* CategoryView.swift */,
				2D1ED7E82C3D358F002C7ED0 /* ImportanceView.swift */,
			);
			path = Components;
			sourceTree = "<group>";
		};
		2D67129A2C4157A500E2C99D /* Components */ = {
			isa = PBXGroup;
			children = (
				2D8E384B2C26D57B00C2BC93 /* TaskView.swift */,
			);
			path = Components;
			sourceTree = "<group>";
		};
		2D67129B2C4157B200E2C99D /* Components */ = {
			isa = PBXGroup;
			children = (
				2D30280B2C356B150087F940 /* CalendarTableViewCell.swift */,
				2D3028092C356AF00087F940 /* CalendarCollectionViewCell.swift */,
			);
			path = Components;
			sourceTree = "<group>";
		};
		2D736BDD2C3B1EE5009E361E /* UIKit */ = {
			isa = PBXGroup;
			children = (
				2D3028102C35990A0087F940 /* UIImage+Extension.swift */,
				2D3028122C36CFB90087F940 /* UIView+Extension.swift */,
				2D67129E2C41753200E2C99D /* UINavigationController+Extension.swift */,
			);
			path = UIKit;
			sourceTree = "<group>";
		};
		2D736BDE2C3B1F10009E361E /* SwiftUI */ = {
			isa = PBXGroup;
			children = (
				2D2DD42B2C2B27C9007A0F5A /* Color+Extension.swift */,
				2D2DD4312C2B68D6007A0F5A /* UIApplication+Extension.swift */,
			);
			path = SwiftUI;
			sourceTree = "<group>";
		};
		2D78D1912C2F346100B27987 /* View */ = {
			isa = PBXGroup;
			children = (
				2D3028072C3536C90087F940 /* CalendarView.swift */,
			);
			path = View;
			sourceTree = "<group>";
		};
		2D78D1932C2F348900B27987 /* Modifiers */ = {
			isa = PBXGroup;
			children = (
				2D8E384F2C26D60200C2BC93 /* SheetModifier.swift */,
				2D2DD42F2C2B29D7007A0F5A /* ColorModifier.swift */,
				2D2A9F4F2C2B7987002B49EF /* TextFieldFrameModifier.swift */,
				2D54CA982C382ED6004D4719 /* KeyboardModifier.swift */,
				2DE2D8E82C4919EB003C673C /* AlertModifier.swift */,
			);
			path = Modifiers;
			sourceTree = "<group>";
		};
		2D7939FB2C258070002542DE /* CommonLogic */ = {
			isa = PBXGroup;
			children = (
				2D8E38492C26D54300C2BC93 /* ModalState.swift */,
			);
			path = CommonLogic;
			sourceTree = "<group>";
		};
		2D7DAB6D2C4EE7A00031A232 /* StorageLogic */ = {
			isa = PBXGroup;
			children = (
				2DB7F56A2C31CC23009C65FE /* StorageLogic.swift */,
				2D7DAB6E2C4EE7CA0031A232 /* StorageLogic + SwiftData.swift */,
			);
			path = StorageLogic;
			sourceTree = "<group>";
		};
		2D88B4CE2C1D9B0900049A3B = {
			isa = PBXGroup;
			children = (
				2D88B4D92C1D9B0900049A3B /* ToDoList-ios */,
				2D88B4EA2C1D9B0B00049A3B /* ToDoList-iosTests */,
				2D2786182C1E3D8C00F34999 /* ToDoList-iosUITests */,
				2D88B4D82C1D9B0900049A3B /* Products */,
				F52FD63664BF4A615916180F /* Pods */,
				53E3A230BC46D03000158B15 /* Frameworks */,
			);
			sourceTree = "<group>";
		};
		2D88B4D82C1D9B0900049A3B /* Products */ = {
			isa = PBXGroup;
			children = (
				2D88B4D72C1D9B0900049A3B /* ToDoList-ios.app */,
				2D88B4E72C1D9B0B00049A3B /* ToDoList-iosTests.xctest */,
				2D2786172C1E3D8C00F34999 /* ToDoList-iosUITests.xctest */,
			);
			name = Products;
			sourceTree = "<group>";
		};
		2D88B4D92C1D9B0900049A3B /* ToDoList-ios */ = {
			isa = PBXGroup;
			children = (
				2D27860B2C1DDF1B00F34999 /* Presentation */,
				2D2786092C1DDEDC00F34999 /* Service */,
				2D2786072C1DDE8500F34999 /* Application */,
			);
			path = "ToDoList-ios";
			sourceTree = "<group>";
		};
		2D88B4E02C1D9B0B00049A3B /* Preview Content */ = {
			isa = PBXGroup;
			children = (
				2D88B4E12C1D9B0B00049A3B /* Preview Assets.xcassets */,
			);
			path = "Preview Content";
			sourceTree = "<group>";
		};
		2D88B4EA2C1D9B0B00049A3B /* ToDoList-iosTests */ = {
			isa = PBXGroup;
			children = (
				2D88B4EB2C1D9B0B00049A3B /* ToDoListCSVTests.swift */,
				2D27860C2C1E03A000F34999 /* ToDoListJSONTests.swift */,
				2D736BDB2C3B0FE8009E361E /* ToDoListDataTaskTests.swift */,
			);
			path = "ToDoList-iosTests";
			sourceTree = "<group>";
		};
		2D9057252C42786A00CC2442 /* Networking */ = {
			isa = PBXGroup;
			children = (
				2DD926062C47AF1900504C40 /* Model */,
				2D9057262C42789100CC2442 /* NetworkingService.swift */,
				2D9057282C4278AD00CC2442 /* DefaultNetworkingService.swift */,
			);
			path = Networking;
			sourceTree = "<group>";
		};
		2D90572A2C427B2500CC2442 /* Persistence */ = {
			isa = PBXGroup;
			children = (
				2D90572B2C427B5300CC2442 /* KeychainService.swift */,
				2D7DAB6D2C4EE7A00031A232 /* StorageLogic */,
				2D27860E2C1E2AFB00F34999 /* FileCache */,
			);
			path = Persistence;
			sourceTree = "<group>";
		};
		2DD926062C47AF1900504C40 /* Model */ = {
			isa = PBXGroup;
			children = (
				2DD926072C47AFAC00504C40 /* NetworkingElement.swift */,
				2DD926092C47B15500504C40 /* NetworkingItem.swift */,
				2DD9260B2C47B29100504C40 /* NetworkingList.swift */,
				2DE2D8EA2C4926DB003C673C /* NetworkingErrors.swift */,
				2DE2D8EE2C494EFB003C673C /* Delay.swift */,
			);
			path = Model;
			sourceTree = "<group>";
		};
		53E3A230BC46D03000158B15 /* Frameworks */ = {
			isa = PBXGroup;
			children = (
				ABDBD073CD320AA2AEDF77E0 /* Pods_ToDoList_ios.framework */,
				6C40FAE15DAFE4AEA2338B70 /* Pods_ToDoList_ios_ToDoList_iosUITests.framework */,
				75DBBBD7DFB3B06BEB24F380 /* Pods_ToDoList_iosTests.framework */,
			);
			name = Frameworks;
			sourceTree = "<group>";
		};
		F52FD63664BF4A615916180F /* Pods */ = {
			isa = PBXGroup;
			children = (
				2F644B482C9BC226F56A2558 /* Pods-ToDoList-ios.debug.xcconfig */,
				9F800826366F6477E9701E94 /* Pods-ToDoList-ios.release.xcconfig */,
				6A8BAC05BB1BC0DB42C5FF48 /* Pods-ToDoList-ios-ToDoList-iosUITests.debug.xcconfig */,
				21D42FABFEC8E7C80120F9EE /* Pods-ToDoList-ios-ToDoList-iosUITests.release.xcconfig */,
				A76E3485B3D40AE01E5E2AEB /* Pods-ToDoList-iosTests.debug.xcconfig */,
				A5A4EFB2BBE90894A054E1C4 /* Pods-ToDoList-iosTests.release.xcconfig */,
			);
			path = Pods;
			sourceTree = "<group>";
		};
/* End PBXGroup section */

/* Begin PBXNativeTarget section */
		2D2786162C1E3D8C00F34999 /* ToDoList-iosUITests */ = {
			isa = PBXNativeTarget;
			buildConfigurationList = 2D27861F2C1E3D8C00F34999 /* Build configuration list for PBXNativeTarget "ToDoList-iosUITests" */;
			buildPhases = (
				C570CADB7452D286F11EEF93 /* [CP] Check Pods Manifest.lock */,
				2D2786132C1E3D8C00F34999 /* Sources */,
				2D2786142C1E3D8C00F34999 /* Frameworks */,
				2D2786152C1E3D8C00F34999 /* Resources */,
			);
			buildRules = (
			);
			dependencies = (
				2D27861E2C1E3D8C00F34999 /* PBXTargetDependency */,
			);
			name = "ToDoList-iosUITests";
			productName = "ToDoList-iosUITests";
			productReference = 2D2786172C1E3D8C00F34999 /* ToDoList-iosUITests.xctest */;
			productType = "com.apple.product-type.bundle.ui-testing";
		};
		2D88B4D62C1D9B0900049A3B /* ToDoList-ios */ = {
			isa = PBXNativeTarget;
			buildConfigurationList = 2D88B4FB2C1D9B0B00049A3B /* Build configuration list for PBXNativeTarget "ToDoList-ios" */;
			buildPhases = (
				AFBE8B0517A2CBD14999E8E4 /* [CP] Check Pods Manifest.lock */,
				2D0D5FC62C4047260041043F /* Run SwiftLint */,
				2D88B4D32C1D9B0900049A3B /* Sources */,
				2D88B4D42C1D9B0900049A3B /* Frameworks */,
				2D88B4D52C1D9B0900049A3B /* Resources */,
			);
			buildRules = (
			);
			dependencies = (
			);
			name = "ToDoList-ios";
			packageProductDependencies = (
				2D736BE02C3C33A2009E361E /* CocoaLumberjack */,
				2D736BE22C3C33A2009E361E /* CocoaLumberjackSwift */,
				2D736BE42C3C33A2009E361E /* CocoaLumberjackSwiftLogBackend */,
				2DD5B7852C43EC26008D1705 /* CustomColorPicker */,
				2DD926022C43EE2B00504C40 /* CustomColorPicker */,
			);
			productName = "ToDoList-ios";
			productReference = 2D88B4D72C1D9B0900049A3B /* ToDoList-ios.app */;
			productType = "com.apple.product-type.application";
		};
		2D88B4E62C1D9B0B00049A3B /* ToDoList-iosTests */ = {
			isa = PBXNativeTarget;
			buildConfigurationList = 2D88B4FE2C1D9B0B00049A3B /* Build configuration list for PBXNativeTarget "ToDoList-iosTests" */;
			buildPhases = (
				0D8911E2AA2DD0BEFDA78A7B /* [CP] Check Pods Manifest.lock */,
				2D88B4E32C1D9B0B00049A3B /* Sources */,
				2D88B4E42C1D9B0B00049A3B /* Frameworks */,
				2D88B4E52C1D9B0B00049A3B /* Resources */,
			);
			buildRules = (
			);
			dependencies = (
				2D88B4E92C1D9B0B00049A3B /* PBXTargetDependency */,
			);
			name = "ToDoList-iosTests";
			productName = "ToDoList-iosTests";
			productReference = 2D88B4E72C1D9B0B00049A3B /* ToDoList-iosTests.xctest */;
			productType = "com.apple.product-type.bundle.unit-test";
		};
/* End PBXNativeTarget section */

/* Begin PBXProject section */
		2D88B4CF2C1D9B0900049A3B /* Project object */ = {
			isa = PBXProject;
			attributes = {
				BuildIndependentTargetsInParallel = 1;
				LastSwiftUpdateCheck = 1530;
				LastUpgradeCheck = 1530;
				TargetAttributes = {
					2D2786162C1E3D8C00F34999 = {
						CreatedOnToolsVersion = 15.3;
						TestTargetID = 2D88B4D62C1D9B0900049A3B;
					};
					2D88B4D62C1D9B0900049A3B = {
						CreatedOnToolsVersion = 15.3;
					};
					2D88B4E62C1D9B0B00049A3B = {
						CreatedOnToolsVersion = 15.3;
						TestTargetID = 2D88B4D62C1D9B0900049A3B;
					};
				};
			};
			buildConfigurationList = 2D88B4D22C1D9B0900049A3B /* Build configuration list for PBXProject "ToDoList-ios" */;
			compatibilityVersion = "Xcode 14.0";
			developmentRegion = en;
			hasScannedForEncodings = 0;
			knownRegions = (
				en,
				Base,
			);
			mainGroup = 2D88B4CE2C1D9B0900049A3B;
			packageReferences = (
				2D736BDF2C3C33A2009E361E /* XCRemoteSwiftPackageReference "CocoaLumberjack" */,
				2DD926012C43EE2B00504C40 /* XCRemoteSwiftPackageReference "CustomColorPicker" */,
			);
			productRefGroup = 2D88B4D82C1D9B0900049A3B /* Products */;
			projectDirPath = "";
			projectRoot = "";
			targets = (
				2D88B4D62C1D9B0900049A3B /* ToDoList-ios */,
				2D88B4E62C1D9B0B00049A3B /* ToDoList-iosTests */,
				2D2786162C1E3D8C00F34999 /* ToDoList-iosUITests */,
			);
		};
/* End PBXProject section */

/* Begin PBXResourcesBuildPhase section */
		2D2786152C1E3D8C00F34999 /* Resources */ = {
			isa = PBXResourcesBuildPhase;
			buildActionMask = 2147483647;
			files = (
			);
			runOnlyForDeploymentPostprocessing = 0;
		};
		2D88B4D52C1D9B0900049A3B /* Resources */ = {
			isa = PBXResourcesBuildPhase;
			buildActionMask = 2147483647;
			files = (
				2D88B4E22C1D9B0B00049A3B /* Preview Assets.xcassets in Resources */,
				2D88B4DF2C1D9B0B00049A3B /* Assets.xcassets in Resources */,
			);
			runOnlyForDeploymentPostprocessing = 0;
		};
		2D88B4E52C1D9B0B00049A3B /* Resources */ = {
			isa = PBXResourcesBuildPhase;
			buildActionMask = 2147483647;
			files = (
			);
			runOnlyForDeploymentPostprocessing = 0;
		};
/* End PBXResourcesBuildPhase section */

/* Begin PBXShellScriptBuildPhase section */
		0D8911E2AA2DD0BEFDA78A7B /* [CP] Check Pods Manifest.lock */ = {
			isa = PBXShellScriptBuildPhase;
			buildActionMask = 2147483647;
			files = (
			);
			inputFileListPaths = (
			);
			inputPaths = (
				"${PODS_PODFILE_DIR_PATH}/Podfile.lock",
				"${PODS_ROOT}/Manifest.lock",
			);
			name = "[CP] Check Pods Manifest.lock";
			outputFileListPaths = (
			);
			outputPaths = (
				"$(DERIVED_FILE_DIR)/Pods-ToDoList-iosTests-checkManifestLockResult.txt",
			);
			runOnlyForDeploymentPostprocessing = 0;
			shellPath = /bin/sh;
			shellScript = "diff \"${PODS_PODFILE_DIR_PATH}/Podfile.lock\" \"${PODS_ROOT}/Manifest.lock\" > /dev/null\nif [ $? != 0 ] ; then\n    # print error to STDERR\n    echo \"error: The sandbox is not in sync with the Podfile.lock. Run 'pod install' or update your CocoaPods installation.\" >&2\n    exit 1\nfi\n# This output is used by Xcode 'outputs' to avoid re-running this script phase.\necho \"SUCCESS\" > \"${SCRIPT_OUTPUT_FILE_0}\"\n";
			showEnvVarsInLog = 0;
		};
		2D0D5FC62C4047260041043F /* Run SwiftLint */ = {
			isa = PBXShellScriptBuildPhase;
			buildActionMask = 2147483647;
			files = (
			);
			inputFileListPaths = (
			);
			inputPaths = (
			);
			name = "Run SwiftLint";
			outputFileListPaths = (
			);
			outputPaths = (
			);
			runOnlyForDeploymentPostprocessing = 0;
			shellPath = /bin/sh;
			shellScript = "if [ -f \"$PODS_ROOT/SwiftLint/swiftlint\" ]; then\n  $PODS_ROOT/SwiftLint/swiftlint\nelse\n  echo \"error: SwiftLint does not exist, download it from https://github.com/realm/SwiftLint\"\n  exit 1\nfi\n";
		};
		AFBE8B0517A2CBD14999E8E4 /* [CP] Check Pods Manifest.lock */ = {
			isa = PBXShellScriptBuildPhase;
			buildActionMask = 2147483647;
			files = (
			);
			inputFileListPaths = (
			);
			inputPaths = (
				"${PODS_PODFILE_DIR_PATH}/Podfile.lock",
				"${PODS_ROOT}/Manifest.lock",
			);
			name = "[CP] Check Pods Manifest.lock";
			outputFileListPaths = (
			);
			outputPaths = (
				"$(DERIVED_FILE_DIR)/Pods-ToDoList-ios-checkManifestLockResult.txt",
			);
			runOnlyForDeploymentPostprocessing = 0;
			shellPath = /bin/sh;
			shellScript = "diff \"${PODS_PODFILE_DIR_PATH}/Podfile.lock\" \"${PODS_ROOT}/Manifest.lock\" > /dev/null\nif [ $? != 0 ] ; then\n    # print error to STDERR\n    echo \"error: The sandbox is not in sync with the Podfile.lock. Run 'pod install' or update your CocoaPods installation.\" >&2\n    exit 1\nfi\n# This output is used by Xcode 'outputs' to avoid re-running this script phase.\necho \"SUCCESS\" > \"${SCRIPT_OUTPUT_FILE_0}\"\n";
			showEnvVarsInLog = 0;
		};
		C570CADB7452D286F11EEF93 /* [CP] Check Pods Manifest.lock */ = {
			isa = PBXShellScriptBuildPhase;
			buildActionMask = 2147483647;
			files = (
			);
			inputFileListPaths = (
			);
			inputPaths = (
				"${PODS_PODFILE_DIR_PATH}/Podfile.lock",
				"${PODS_ROOT}/Manifest.lock",
			);
			name = "[CP] Check Pods Manifest.lock";
			outputFileListPaths = (
			);
			outputPaths = (
				"$(DERIVED_FILE_DIR)/Pods-ToDoList-ios-ToDoList-iosUITests-checkManifestLockResult.txt",
			);
			runOnlyForDeploymentPostprocessing = 0;
			shellPath = /bin/sh;
			shellScript = "diff \"${PODS_PODFILE_DIR_PATH}/Podfile.lock\" \"${PODS_ROOT}/Manifest.lock\" > /dev/null\nif [ $? != 0 ] ; then\n    # print error to STDERR\n    echo \"error: The sandbox is not in sync with the Podfile.lock. Run 'pod install' or update your CocoaPods installation.\" >&2\n    exit 1\nfi\n# This output is used by Xcode 'outputs' to avoid re-running this script phase.\necho \"SUCCESS\" > \"${SCRIPT_OUTPUT_FILE_0}\"\n";
			showEnvVarsInLog = 0;
		};
/* End PBXShellScriptBuildPhase section */

/* Begin PBXSourcesBuildPhase section */
		2D2786132C1E3D8C00F34999 /* Sources */ = {
			isa = PBXSourcesBuildPhase;
			buildActionMask = 2147483647;
			files = (
				2D27861C2C1E3D8C00F34999 /* ToDoListUITestsLaunchTests.swift in Sources */,
				2D27861A2C1E3D8C00F34999 /* ToDoListUITests.swift in Sources */,
			);
			runOnlyForDeploymentPostprocessing = 0;
		};
		2D88B4D32C1D9B0900049A3B /* Sources */ = {
			isa = PBXSourcesBuildPhase;
			buildActionMask = 2147483647;
			files = (
				2DD9260C2C47B29100504C40 /* NetworkingList.swift in Sources */,
				2DB7F56B2C31CC23009C65FE /* StorageLogic.swift in Sources */,
				2D9057292C4278AD00CC2442 /* DefaultNetworkingService.swift in Sources */,
				2D8E38502C26D60200C2BC93 /* SheetModifier.swift in Sources */,
				2D54CA992C382ED6004D4719 /* KeyboardModifier.swift in Sources */,
				2D1ED7E92C3D358F002C7ED0 /* ImportanceView.swift in Sources */,
				2D3028112C35990A0087F940 /* UIImage+Extension.swift in Sources */,
				2D1ED7F62C3D5087002C7ED0 /* CategoryView.swift in Sources */,
				2D736BDA2C3B0F9E009E361E /* URLSession+Extension.swift in Sources */,
				2D88B4DD2C1D9B0900049A3B /* MainView.swift in Sources */,
				2D88B5072C1D9B8700049A3B /* Importance.swift in Sources */,
				2D0D5FCB2C4073380041043F /* DataForParsing.swift in Sources */,
				2D1ED7F22C3D4E26002C7ED0 /* TextFieldView.swift in Sources */,
				2D2DD4302C2B29D7007A0F5A /* ColorModifier.swift in Sources */,
				2D1ED8012C3D7700002C7ED0 /* CaseIterable+Extension.swift in Sources */,
				2D8E384E2C26D5B200C2BC93 /* DetailsView.swift in Sources */,
				2D90572E2C428E2200CC2442 /* Constants.swift in Sources */,
				2D88B4DB2C1D9B0900049A3B /* ToDoListApp.swift in Sources */,
				2D2786062C1DC9C000F34999 /* FileCache.swift in Sources */,
				2D2A9F552C2C0EFF002B49EF /* Date+Extension.swift in Sources */,
				2DE2D8EB2C4926DB003C673C /* NetworkingErrors.swift in Sources */,
				2D1ED7F02C3D496B002C7ED0 /* ColorPickerView.swift in Sources */,
				2D2DD42C2C2B27C9007A0F5A /* Color+Extension.swift in Sources */,
				2DE2D8EF2C494EFB003C673C /* Delay.swift in Sources */,
				2D90572C2C427B5300CC2442 /* KeychainService.swift in Sources */,
				2D2A9F502C2B7987002B49EF /* TextFieldFrameModifier.swift in Sources */,
				2D0D5FC92C40542B0041043F /* MockTodoItems.swift in Sources */,
				2D7DAB6F2C4EE7CA0031A232 /* StorageLogic + SwiftData.swift in Sources */,
				2D88B5052C1D9B6D00049A3B /* TodoItem.swift in Sources */,
				2D8E384A2C26D54300C2BC93 /* ModalState.swift in Sources */,
				2DE2D8ED2C4927C1003C673C /* AlertData.swift in Sources */,
				2D30280A2C356AF00087F940 /* CalendarCollectionViewCell.swift in Sources */,
				2D7939FD2C25808E002542DE /* MainViewModel.swift in Sources */,
				2D30280F2C356B970087F940 /* CalendarViewCoordinator.swift in Sources */,
				2D1ED7EE2C3D4873002C7ED0 /* DeadlineView.swift in Sources */,
				2DD9260A2C47B15500504C40 /* NetworkingItem.swift in Sources */,
				2D2DD4322C2B68D6007A0F5A /* UIApplication+Extension.swift in Sources */,
				2D67129F2C41753200E2C99D /* UINavigationController+Extension.swift in Sources */,
				2D8E384C2C26D57B00C2BC93 /* TaskView.swift in Sources */,
				2D30280C2C356B150087F940 /* CalendarTableViewCell.swift in Sources */,
				2D9057272C42789100CC2442 /* NetworkingService.swift in Sources */,
				2D3028082C3536C90087F940 /* CalendarView.swift in Sources */,
				2D6712982C414BA700E2C99D /* LogFormatter.swift in Sources */,
				2D3028132C36CFB90087F940 /* UIView+Extension.swift in Sources */,
				2DD926082C47AFAC00504C40 /* NetworkingElement.swift in Sources */,
				2D7DAB6C2C4EE6D80031A232 /* FileCache + SwiftData.swift in Sources */,
				2DE2D8E92C4919EB003C673C /* AlertModifier.swift in Sources */,
				2D3028062C3480140087F940 /* Category.swift in Sources */,
				2D1ED7E72C3D351C002C7ED0 /* DetailsViewModel.swift in Sources */,
			);
			runOnlyForDeploymentPostprocessing = 0;
		};
		2D88B4E32C1D9B0B00049A3B /* Sources */ = {
			isa = PBXSourcesBuildPhase;
			buildActionMask = 2147483647;
			files = (
				2D736BDC2C3B0FE8009E361E /* ToDoListDataTaskTests.swift in Sources */,
				2D88B4EC2C1D9B0B00049A3B /* ToDoListCSVTests.swift in Sources */,
				2D27860D2C1E03A000F34999 /* ToDoListJSONTests.swift in Sources */,
			);
			runOnlyForDeploymentPostprocessing = 0;
		};
/* End PBXSourcesBuildPhase section */

/* Begin PBXTargetDependency section */
		2D27861E2C1E3D8C00F34999 /* PBXTargetDependency */ = {
			isa = PBXTargetDependency;
			target = 2D88B4D62C1D9B0900049A3B /* ToDoList-ios */;
			targetProxy = 2D27861D2C1E3D8C00F34999 /* PBXContainerItemProxy */;
		};
		2D88B4E92C1D9B0B00049A3B /* PBXTargetDependency */ = {
			isa = PBXTargetDependency;
			target = 2D88B4D62C1D9B0900049A3B /* ToDoList-ios */;
			targetProxy = 2D88B4E82C1D9B0B00049A3B /* PBXContainerItemProxy */;
		};
/* End PBXTargetDependency section */

/* Begin XCBuildConfiguration section */
		2D2786202C1E3D8C00F34999 /* Debug */ = {
			isa = XCBuildConfiguration;
			baseConfigurationReference = 6A8BAC05BB1BC0DB42C5FF48 /* Pods-ToDoList-ios-ToDoList-iosUITests.debug.xcconfig */;
			buildSettings = {
				CODE_SIGN_STYLE = Automatic;
				CURRENT_PROJECT_VERSION = 1;
				DEVELOPMENT_TEAM = B95M54369M;
				GENERATE_INFOPLIST_FILE = YES;
				MARKETING_VERSION = 1.0;
				PRODUCT_BUNDLE_IDENTIFIER = "-.ToDoList-iosUITests";
				PRODUCT_NAME = "$(TARGET_NAME)";
				SWIFT_EMIT_LOC_STRINGS = NO;
				SWIFT_VERSION = 5.0;
				TARGETED_DEVICE_FAMILY = "1,2";
				TEST_TARGET_NAME = "ToDoList-ios";
			};
			name = Debug;
		};
		2D2786212C1E3D8C00F34999 /* Release */ = {
			isa = XCBuildConfiguration;
			baseConfigurationReference = 21D42FABFEC8E7C80120F9EE /* Pods-ToDoList-ios-ToDoList-iosUITests.release.xcconfig */;
			buildSettings = {
				CODE_SIGN_STYLE = Automatic;
				CURRENT_PROJECT_VERSION = 1;
				DEVELOPMENT_TEAM = B95M54369M;
				GENERATE_INFOPLIST_FILE = YES;
				MARKETING_VERSION = 1.0;
				PRODUCT_BUNDLE_IDENTIFIER = "-.ToDoList-iosUITests";
				PRODUCT_NAME = "$(TARGET_NAME)";
				SWIFT_EMIT_LOC_STRINGS = NO;
				SWIFT_VERSION = 5.0;
				TARGETED_DEVICE_FAMILY = "1,2";
				TEST_TARGET_NAME = "ToDoList-ios";
			};
			name = Release;
		};
		2D88B4F92C1D9B0B00049A3B /* Debug */ = {
			isa = XCBuildConfiguration;
			buildSettings = {
				ALWAYS_SEARCH_USER_PATHS = NO;
				ASSETCATALOG_COMPILER_GENERATE_SWIFT_ASSET_SYMBOL_EXTENSIONS = YES;
				CLANG_ANALYZER_NONNULL = YES;
				CLANG_ANALYZER_NUMBER_OBJECT_CONVERSION = YES_AGGRESSIVE;
				CLANG_CXX_LANGUAGE_STANDARD = "gnu++20";
				CLANG_ENABLE_MODULES = YES;
				CLANG_ENABLE_OBJC_ARC = YES;
				CLANG_ENABLE_OBJC_WEAK = YES;
				CLANG_WARN_BLOCK_CAPTURE_AUTORELEASING = YES;
				CLANG_WARN_BOOL_CONVERSION = YES;
				CLANG_WARN_COMMA = YES;
				CLANG_WARN_CONSTANT_CONVERSION = YES;
				CLANG_WARN_DEPRECATED_OBJC_IMPLEMENTATIONS = YES;
				CLANG_WARN_DIRECT_OBJC_ISA_USAGE = YES_ERROR;
				CLANG_WARN_DOCUMENTATION_COMMENTS = YES;
				CLANG_WARN_EMPTY_BODY = YES;
				CLANG_WARN_ENUM_CONVERSION = YES;
				CLANG_WARN_INFINITE_RECURSION = YES;
				CLANG_WARN_INT_CONVERSION = YES;
				CLANG_WARN_NON_LITERAL_NULL_CONVERSION = YES;
				CLANG_WARN_OBJC_IMPLICIT_RETAIN_SELF = YES;
				CLANG_WARN_OBJC_LITERAL_CONVERSION = YES;
				CLANG_WARN_OBJC_ROOT_CLASS = YES_ERROR;
				CLANG_WARN_QUOTED_INCLUDE_IN_FRAMEWORK_HEADER = YES;
				CLANG_WARN_RANGE_LOOP_ANALYSIS = YES;
				CLANG_WARN_STRICT_PROTOTYPES = YES;
				CLANG_WARN_SUSPICIOUS_MOVE = YES;
				CLANG_WARN_UNGUARDED_AVAILABILITY = YES_AGGRESSIVE;
				CLANG_WARN_UNREACHABLE_CODE = YES;
				CLANG_WARN__DUPLICATE_METHOD_MATCH = YES;
				COPY_PHASE_STRIP = NO;
				DEBUG_INFORMATION_FORMAT = dwarf;
				ENABLE_STRICT_OBJC_MSGSEND = YES;
				ENABLE_TESTABILITY = YES;
				ENABLE_USER_SCRIPT_SANDBOXING = YES;
				GCC_C_LANGUAGE_STANDARD = gnu17;
				GCC_DYNAMIC_NO_PIC = NO;
				GCC_NO_COMMON_BLOCKS = YES;
				GCC_OPTIMIZATION_LEVEL = 0;
				GCC_PREPROCESSOR_DEFINITIONS = (
					"DEBUG=1",
					"$(inherited)",
				);
				GCC_WARN_64_TO_32_BIT_CONVERSION = YES;
				GCC_WARN_ABOUT_RETURN_TYPE = YES_ERROR;
				GCC_WARN_UNDECLARED_SELECTOR = YES;
				GCC_WARN_UNINITIALIZED_AUTOS = YES_AGGRESSIVE;
				GCC_WARN_UNUSED_FUNCTION = YES;
				GCC_WARN_UNUSED_VARIABLE = YES;
				IPHONEOS_DEPLOYMENT_TARGET = 17.4;
				LOCALIZATION_PREFERS_STRING_CATALOGS = YES;
				MTL_ENABLE_DEBUG_INFO = INCLUDE_SOURCE;
				MTL_FAST_MATH = YES;
				ONLY_ACTIVE_ARCH = YES;
				SDKROOT = iphoneos;
				SWIFT_ACTIVE_COMPILATION_CONDITIONS = "DEBUG $(inherited)";
				SWIFT_OPTIMIZATION_LEVEL = "-Onone";
			};
			name = Debug;
		};
		2D88B4FA2C1D9B0B00049A3B /* Release */ = {
			isa = XCBuildConfiguration;
			buildSettings = {
				ALWAYS_SEARCH_USER_PATHS = NO;
				ASSETCATALOG_COMPILER_GENERATE_SWIFT_ASSET_SYMBOL_EXTENSIONS = YES;
				CLANG_ANALYZER_NONNULL = YES;
				CLANG_ANALYZER_NUMBER_OBJECT_CONVERSION = YES_AGGRESSIVE;
				CLANG_CXX_LANGUAGE_STANDARD = "gnu++20";
				CLANG_ENABLE_MODULES = YES;
				CLANG_ENABLE_OBJC_ARC = YES;
				CLANG_ENABLE_OBJC_WEAK = YES;
				CLANG_WARN_BLOCK_CAPTURE_AUTORELEASING = YES;
				CLANG_WARN_BOOL_CONVERSION = YES;
				CLANG_WARN_COMMA = YES;
				CLANG_WARN_CONSTANT_CONVERSION = YES;
				CLANG_WARN_DEPRECATED_OBJC_IMPLEMENTATIONS = YES;
				CLANG_WARN_DIRECT_OBJC_ISA_USAGE = YES_ERROR;
				CLANG_WARN_DOCUMENTATION_COMMENTS = YES;
				CLANG_WARN_EMPTY_BODY = YES;
				CLANG_WARN_ENUM_CONVERSION = YES;
				CLANG_WARN_INFINITE_RECURSION = YES;
				CLANG_WARN_INT_CONVERSION = YES;
				CLANG_WARN_NON_LITERAL_NULL_CONVERSION = YES;
				CLANG_WARN_OBJC_IMPLICIT_RETAIN_SELF = YES;
				CLANG_WARN_OBJC_LITERAL_CONVERSION = YES;
				CLANG_WARN_OBJC_ROOT_CLASS = YES_ERROR;
				CLANG_WARN_QUOTED_INCLUDE_IN_FRAMEWORK_HEADER = YES;
				CLANG_WARN_RANGE_LOOP_ANALYSIS = YES;
				CLANG_WARN_STRICT_PROTOTYPES = YES;
				CLANG_WARN_SUSPICIOUS_MOVE = YES;
				CLANG_WARN_UNGUARDED_AVAILABILITY = YES_AGGRESSIVE;
				CLANG_WARN_UNREACHABLE_CODE = YES;
				CLANG_WARN__DUPLICATE_METHOD_MATCH = YES;
				COPY_PHASE_STRIP = NO;
				DEBUG_INFORMATION_FORMAT = "dwarf-with-dsym";
				ENABLE_NS_ASSERTIONS = NO;
				ENABLE_STRICT_OBJC_MSGSEND = YES;
				ENABLE_USER_SCRIPT_SANDBOXING = YES;
				GCC_C_LANGUAGE_STANDARD = gnu17;
				GCC_NO_COMMON_BLOCKS = YES;
				GCC_WARN_64_TO_32_BIT_CONVERSION = YES;
				GCC_WARN_ABOUT_RETURN_TYPE = YES_ERROR;
				GCC_WARN_UNDECLARED_SELECTOR = YES;
				GCC_WARN_UNINITIALIZED_AUTOS = YES_AGGRESSIVE;
				GCC_WARN_UNUSED_FUNCTION = YES;
				GCC_WARN_UNUSED_VARIABLE = YES;
				IPHONEOS_DEPLOYMENT_TARGET = 17.4;
				LOCALIZATION_PREFERS_STRING_CATALOGS = YES;
				MTL_ENABLE_DEBUG_INFO = NO;
				MTL_FAST_MATH = YES;
				SDKROOT = iphoneos;
				SWIFT_COMPILATION_MODE = wholemodule;
				VALIDATE_PRODUCT = YES;
			};
			name = Release;
		};
		2D88B4FC2C1D9B0B00049A3B /* Debug */ = {
			isa = XCBuildConfiguration;
			baseConfigurationReference = 2F644B482C9BC226F56A2558 /* Pods-ToDoList-ios.debug.xcconfig */;
			buildSettings = {
				ASSETCATALOG_COMPILER_APPICON_NAME = AppIcon;
				ASSETCATALOG_COMPILER_GLOBAL_ACCENT_COLOR_NAME = AccentColor;
				CODE_SIGN_STYLE = Automatic;
				CURRENT_PROJECT_VERSION = 1;
				DEVELOPMENT_ASSET_PATHS = "\"ToDoList-ios/Application/Resources/Preview Content\"";
				DEVELOPMENT_TEAM = B95M54369M;
				ENABLE_PREVIEWS = YES;
				ENABLE_USER_SCRIPT_SANDBOXING = NO;
				GENERATE_INFOPLIST_FILE = YES;
				INFOPLIST_FILE = "ToDoList-ios/Application/Info.plist";
				INFOPLIST_KEY_UIApplicationSceneManifest_Generation = YES;
				INFOPLIST_KEY_UIApplicationSupportsIndirectInputEvents = YES;
				INFOPLIST_KEY_UILaunchScreen_Generation = YES;
				INFOPLIST_KEY_UISupportedInterfaceOrientations_iPad = "UIInterfaceOrientationPortrait UIInterfaceOrientationPortraitUpsideDown UIInterfaceOrientationLandscapeLeft UIInterfaceOrientationLandscapeRight";
				INFOPLIST_KEY_UISupportedInterfaceOrientations_iPhone = "UIInterfaceOrientationPortrait UIInterfaceOrientationLandscapeLeft UIInterfaceOrientationLandscapeRight";
				IPHONEOS_DEPLOYMENT_TARGET = 17.2;
				LD_RUNPATH_SEARCH_PATHS = (
					"$(inherited)",
					"@executable_path/Frameworks",
				);
				MARKETING_VERSION = 1.0;
				PRODUCT_BUNDLE_IDENTIFIER = "ToDoList-ios";
				PRODUCT_NAME = "$(TARGET_NAME)";
				SWIFT_EMIT_LOC_STRINGS = YES;
				SWIFT_STRICT_CONCURRENCY = complete;
				SWIFT_VERSION = 5.0;
				TARGETED_DEVICE_FAMILY = "1,2";
			};
			name = Debug;
		};
		2D88B4FD2C1D9B0B00049A3B /* Release */ = {
			isa = XCBuildConfiguration;
			baseConfigurationReference = 9F800826366F6477E9701E94 /* Pods-ToDoList-ios.release.xcconfig */;
			buildSettings = {
				ASSETCATALOG_COMPILER_APPICON_NAME = AppIcon;
				ASSETCATALOG_COMPILER_GLOBAL_ACCENT_COLOR_NAME = AccentColor;
				CODE_SIGN_STYLE = Automatic;
				CURRENT_PROJECT_VERSION = 1;
				DEVELOPMENT_ASSET_PATHS = "\"ToDoList-ios/Application/Resources/Preview Content\"";
				DEVELOPMENT_TEAM = B95M54369M;
				ENABLE_PREVIEWS = YES;
				ENABLE_USER_SCRIPT_SANDBOXING = NO;
				GENERATE_INFOPLIST_FILE = YES;
				INFOPLIST_FILE = "ToDoList-ios/Application/Info.plist";
				INFOPLIST_KEY_UIApplicationSceneManifest_Generation = YES;
				INFOPLIST_KEY_UIApplicationSupportsIndirectInputEvents = YES;
				INFOPLIST_KEY_UILaunchScreen_Generation = YES;
				INFOPLIST_KEY_UISupportedInterfaceOrientations_iPad = "UIInterfaceOrientationPortrait UIInterfaceOrientationPortraitUpsideDown UIInterfaceOrientationLandscapeLeft UIInterfaceOrientationLandscapeRight";
				INFOPLIST_KEY_UISupportedInterfaceOrientations_iPhone = "UIInterfaceOrientationPortrait UIInterfaceOrientationLandscapeLeft UIInterfaceOrientationLandscapeRight";
				IPHONEOS_DEPLOYMENT_TARGET = 17.2;
				LD_RUNPATH_SEARCH_PATHS = (
					"$(inherited)",
					"@executable_path/Frameworks",
				);
				MARKETING_VERSION = 1.0;
				PRODUCT_BUNDLE_IDENTIFIER = "ToDoList-ios";
				PRODUCT_NAME = "$(TARGET_NAME)";
				SWIFT_EMIT_LOC_STRINGS = YES;
				SWIFT_STRICT_CONCURRENCY = complete;
				SWIFT_VERSION = 5.0;
				TARGETED_DEVICE_FAMILY = "1,2";
			};
			name = Release;
		};
		2D88B4FF2C1D9B0B00049A3B /* Debug */ = {
			isa = XCBuildConfiguration;
			baseConfigurationReference = A76E3485B3D40AE01E5E2AEB /* Pods-ToDoList-iosTests.debug.xcconfig */;
			buildSettings = {
				ALWAYS_EMBED_SWIFT_STANDARD_LIBRARIES = YES;
				BUNDLE_LOADER = "$(TEST_HOST)";
				CODE_SIGN_STYLE = Automatic;
				CURRENT_PROJECT_VERSION = 1;
				DEVELOPMENT_TEAM = B95M54369M;
				GENERATE_INFOPLIST_FILE = YES;
				IPHONEOS_DEPLOYMENT_TARGET = 17.4;
				MARKETING_VERSION = 1.0;
				PRODUCT_BUNDLE_IDENTIFIER = "-.ToDoList-iosTests";
				PRODUCT_NAME = "$(TARGET_NAME)";
				SWIFT_EMIT_LOC_STRINGS = NO;
				SWIFT_VERSION = 5.0;
				TARGETED_DEVICE_FAMILY = "1,2";
				TEST_HOST = "$(BUILT_PRODUCTS_DIR)/ToDoList-ios.app/$(BUNDLE_EXECUTABLE_FOLDER_PATH)/ToDoList-ios";
			};
			name = Debug;
		};
		2D88B5002C1D9B0B00049A3B /* Release */ = {
			isa = XCBuildConfiguration;
			baseConfigurationReference = A5A4EFB2BBE90894A054E1C4 /* Pods-ToDoList-iosTests.release.xcconfig */;
			buildSettings = {
				ALWAYS_EMBED_SWIFT_STANDARD_LIBRARIES = YES;
				BUNDLE_LOADER = "$(TEST_HOST)";
				CODE_SIGN_STYLE = Automatic;
				CURRENT_PROJECT_VERSION = 1;
				DEVELOPMENT_TEAM = B95M54369M;
				GENERATE_INFOPLIST_FILE = YES;
				IPHONEOS_DEPLOYMENT_TARGET = 17.4;
				MARKETING_VERSION = 1.0;
				PRODUCT_BUNDLE_IDENTIFIER = "-.ToDoList-iosTests";
				PRODUCT_NAME = "$(TARGET_NAME)";
				SWIFT_EMIT_LOC_STRINGS = NO;
				SWIFT_VERSION = 5.0;
				TARGETED_DEVICE_FAMILY = "1,2";
				TEST_HOST = "$(BUILT_PRODUCTS_DIR)/ToDoList-ios.app/$(BUNDLE_EXECUTABLE_FOLDER_PATH)/ToDoList-ios";
			};
			name = Release;
		};
/* End XCBuildConfiguration section */

/* Begin XCConfigurationList section */
		2D27861F2C1E3D8C00F34999 /* Build configuration list for PBXNativeTarget "ToDoList-iosUITests" */ = {
			isa = XCConfigurationList;
			buildConfigurations = (
				2D2786202C1E3D8C00F34999 /* Debug */,
				2D2786212C1E3D8C00F34999 /* Release */,
			);
			defaultConfigurationIsVisible = 0;
			defaultConfigurationName = Release;
		};
		2D88B4D22C1D9B0900049A3B /* Build configuration list for PBXProject "ToDoList-ios" */ = {
			isa = XCConfigurationList;
			buildConfigurations = (
				2D88B4F92C1D9B0B00049A3B /* Debug */,
				2D88B4FA2C1D9B0B00049A3B /* Release */,
			);
			defaultConfigurationIsVisible = 0;
			defaultConfigurationName = Release;
		};
		2D88B4FB2C1D9B0B00049A3B /* Build configuration list for PBXNativeTarget "ToDoList-ios" */ = {
			isa = XCConfigurationList;
			buildConfigurations = (
				2D88B4FC2C1D9B0B00049A3B /* Debug */,
				2D88B4FD2C1D9B0B00049A3B /* Release */,
			);
			defaultConfigurationIsVisible = 0;
			defaultConfigurationName = Release;
		};
		2D88B4FE2C1D9B0B00049A3B /* Build configuration list for PBXNativeTarget "ToDoList-iosTests" */ = {
			isa = XCConfigurationList;
			buildConfigurations = (
				2D88B4FF2C1D9B0B00049A3B /* Debug */,
				2D88B5002C1D9B0B00049A3B /* Release */,
			);
			defaultConfigurationIsVisible = 0;
			defaultConfigurationName = Release;
		};
/* End XCConfigurationList section */

/* Begin XCRemoteSwiftPackageReference section */
		2D736BDF2C3C33A2009E361E /* XCRemoteSwiftPackageReference "CocoaLumberjack" */ = {
			isa = XCRemoteSwiftPackageReference;
			repositoryURL = "https://github.com/CocoaLumberjack/CocoaLumberjack";
			requirement = {
				kind = upToNextMajorVersion;
				minimumVersion = 3.8.5;
			};
		};
		2DD926012C43EE2B00504C40 /* XCRemoteSwiftPackageReference "CustomColorPicker" */ = {
			isa = XCRemoteSwiftPackageReference;
			repositoryURL = "https://github.com/marsppk/CustomColorPicker";
			requirement = {
				kind = upToNextMinorVersion;
				minimumVersion = 1.0.0;
			};
		};
/* End XCRemoteSwiftPackageReference section */

/* Begin XCSwiftPackageProductDependency section */
		2D736BE02C3C33A2009E361E /* CocoaLumberjack */ = {
			isa = XCSwiftPackageProductDependency;
			package = 2D736BDF2C3C33A2009E361E /* XCRemoteSwiftPackageReference "CocoaLumberjack" */;
			productName = CocoaLumberjack;
		};
		2D736BE22C3C33A2009E361E /* CocoaLumberjackSwift */ = {
			isa = XCSwiftPackageProductDependency;
			package = 2D736BDF2C3C33A2009E361E /* XCRemoteSwiftPackageReference "CocoaLumberjack" */;
			productName = CocoaLumberjackSwift;
		};
		2D736BE42C3C33A2009E361E /* CocoaLumberjackSwiftLogBackend */ = {
			isa = XCSwiftPackageProductDependency;
			package = 2D736BDF2C3C33A2009E361E /* XCRemoteSwiftPackageReference "CocoaLumberjack" */;
			productName = CocoaLumberjackSwiftLogBackend;
		};
		2DD5B7852C43EC26008D1705 /* CustomColorPicker */ = {
			isa = XCSwiftPackageProductDependency;
			productName = CustomColorPicker;
		};
		2DD926022C43EE2B00504C40 /* CustomColorPicker */ = {
			isa = XCSwiftPackageProductDependency;
			package = 2DD926012C43EE2B00504C40 /* XCRemoteSwiftPackageReference "CustomColorPicker" */;
			productName = CustomColorPicker;
		};
/* End XCSwiftPackageProductDependency section */
	};
	rootObject = 2D88B4CF2C1D9B0900049A3B /* Project object */;
}
